
Microsoft Visual Studio Solution File, Format Version 12.00
# Visual Studio 15
VisualStudioVersion = 15.0.28307.271
MinimumVisualStudioVersion = 10.0.40219.1
Project("{2150E333-8FDC-42A3-9474-1A3956D46DE8}") = "Day 1", "Day 1", "{624468DD-3A75-4ACD-B4E5-A5FF1E0B0892}"
EndProject
Project("{2150E333-8FDC-42A3-9474-1A3956D46DE8}") = "Day 2", "Day 2", "{FB0570E6-4640-46C4-86F1-478E2C81EFBB}"
EndProject
Project("{FAE04EC0-301F-11D3-BF4B-00C04F79EFBC}") = "Day1_task_1", "Day1_task_1\Day1_task_1.csproj", "{C3373D62-690A-4C11-8E8B-9E3FBE427984}"
EndProject
Project("{FAE04EC0-301F-11D3-BF4B-00C04F79EFBC}") = "Day1_task_2", "Day1_task_2\Day1_task_2.csproj", "{7074E5AF-1A7C-483E-96F2-40892429E28D}"
EndProject
Project("{FAE04EC0-301F-11D3-BF4B-00C04F79EFBC}") = "Day1_task_3", "Day1_task_3\Day1_task_3.csproj", "{F791C55B-C394-421A-B25F-BF769477E82E}"
EndProject
Project("{FAE04EC0-301F-11D3-BF4B-00C04F79EFBC}") = "Day1_task_4", "Day1_task_4\Day1_task_4.csproj", "{B3A2AB60-6F38-4227-8AB0-96B82289790D}"
EndProject
Project("{FAE04EC0-301F-11D3-BF4B-00C04F79EFBC}") = "Day1_task_5", "Day1_task_5\Day1_task_5.csproj", "{49688894-1368-4291-B561-A286FE4EB297}"
EndProject
Project("{FAE04EC0-301F-11D3-BF4B-00C04F79EFBC}") = "Day2_task_1", "Day2_task_1\Day2_task_1.csproj", "{94F94E2C-A41E-4FB0-983F-684F2A54CF20}"
EndProject
Project("{FAE04EC0-301F-11D3-BF4B-00C04F79EFBC}") = "Day2_task_2", "Day2_task_2\Day2_task_2.csproj", "{CC1D5717-A2F3-4B88-9475-690DFA588600}"
EndProject
Global
	GlobalSection(SolutionConfigurationPlatforms) = preSolution
		Debug|Any CPU = Debug|Any CPU
		Release|Any CPU = Release|Any CPU
	EndGlobalSection
	GlobalSection(ProjectConfigurationPlatforms) = postSolution
		{C3373D62-690A-4C11-8E8B-9E3FBE427984}.Debug|Any CPU.ActiveCfg = Debug|Any CPU
		{C3373D62-690A-4C11-8E8B-9E3FBE427984}.Debug|Any CPU.Build.0 = Debug|Any CPU
		{C3373D62-690A-4C11-8E8B-9E3FBE427984}.Release|Any CPU.ActiveCfg = Release|Any CPU
		{C3373D62-690A-4C11-8E8B-9E3FBE427984}.Release|Any CPU.Build.0 = Release|Any CPU
		{7074E5AF-1A7C-483E-96F2-40892429E28D}.Debug|Any CPU.ActiveCfg = Debug|Any CPU
		{7074E5AF-1A7C-483E-96F2-40892429E28D}.Debug|Any CPU.Build.0 = Debug|Any CPU
		{7074E5AF-1A7C-483E-96F2-40892429E28D}.Release|Any CPU.ActiveCfg = Release|Any CPU
		{7074E5AF-1A7C-483E-96F2-40892429E28D}.Release|Any CPU.Build.0 = Release|Any CPU
		{F791C55B-C394-421A-B25F-BF769477E82E}.Debug|Any CPU.ActiveCfg = Debug|Any CPU
		{F791C55B-C394-421A-B25F-BF769477E82E}.Debug|Any CPU.Build.0 = Debug|Any CPU
		{F791C55B-C394-421A-B25F-BF769477E82E}.Release|Any CPU.ActiveCfg = Release|Any CPU
		{F791C55B-C394-421A-B25F-BF769477E82E}.Release|Any CPU.Build.0 = Release|Any CPU
		{B3A2AB60-6F38-4227-8AB0-96B82289790D}.Debug|Any CPU.ActiveCfg = Debug|Any CPU
		{B3A2AB60-6F38-4227-8AB0-96B82289790D}.Debug|Any CPU.Build.0 = Debug|Any CPU
		{B3A2AB60-6F38-4227-8AB0-96B82289790D}.Release|Any CPU.ActiveCfg = Release|Any CPU
		{B3A2AB60-6F38-4227-8AB0-96B82289790D}.Release|Any CPU.Build.0 = Release|Any CPU
		{49688894-1368-4291-B561-A286FE4EB297}.Debug|Any CPU.ActiveCfg = Debug|Any CPU
		{49688894-1368-4291-B561-A286FE4EB297}.Debug|Any CPU.Build.0 = Debug|Any CPU
		{49688894-1368-4291-B561-A286FE4EB297}.Release|Any CPU.ActiveCfg = Release|Any CPU
		{49688894-1368-4291-B561-A286FE4EB297}.Release|Any CPU.Build.0 = Release|Any CPU
		{94F94E2C-A41E-4FB0-983F-684F2A54CF20}.Debug|Any CPU.ActiveCfg = Debug|Any CPU
		{94F94E2C-A41E-4FB0-983F-684F2A54CF20}.Debug|Any CPU.Build.0 = Debug|Any CPU
		{94F94E2C-A41E-4FB0-983F-684F2A54CF20}.Release|Any CPU.ActiveCfg = Release|Any CPU
		{94F94E2C-A41E-4FB0-983F-684F2A54CF20}.Release|Any CPU.Build.0 = Release|Any CPU
		{CC1D5717-A2F3-4B88-9475-690DFA588600}.Debug|Any CPU.ActiveCfg = Debug|Any CPU
		{CC1D5717-A2F3-4B88-9475-690DFA588600}.Debug|Any CPU.Build.0 = Debug|Any CPU
		{CC1D5717-A2F3-4B88-9475-690DFA588600}.Release|Any CPU.ActiveCfg = Release|Any CPU
		{CC1D5717-A2F3-4B88-9475-690DFA588600}.Release|Any CPU.Build.0 = Release|Any CPU
	EndGlobalSection
	GlobalSection(SolutionProperties) = preSolution
		HideSolutionNode = FALSE
	EndGlobalSection
	GlobalSection(NestedProjects) = preSolution
		{C3373D62-690A-4C11-8E8B-9E3FBE427984} = {624468DD-3A75-4ACD-B4E5-A5FF1E0B0892}
		{7074E5AF-1A7C-483E-96F2-40892429E28D} = {624468DD-3A75-4ACD-B4E5-A5FF1E0B0892}
		{F791C55B-C394-421A-B25F-BF769477E82E} = {624468DD-3A75-4ACD-B4E5-A5FF1E0B0892}
		{B3A2AB60-6F38-4227-8AB0-96B82289790D} = {624468DD-3A75-4ACD-B4E5-A5FF1E0B0892}
		{49688894-1368-4291-B561-A286FE4EB297} = {624468DD-3A75-4ACD-B4E5-A5FF1E0B0892}
		{94F94E2C-A41E-4FB0-983F-684F2A54CF20} = {FB0570E6-4640-46C4-86F1-478E2C81EFBB}
		{CC1D5717-A2F3-4B88-9475-690DFA588600} = {FB0570E6-4640-46C4-86F1-478E2C81EFBB}
	EndGlobalSection
	GlobalSection(ExtensibilityGlobals) = postSolution
		SolutionGuid = {7ED02B3F-7612-4A6E-A62E-60BCAA4B6258}
	EndGlobalSection
EndGlobal
